// !$*UTF8*$!
{
	archiveVersion = 1;
	classes = {
	};
	objectVersion = 77;
	objects = {

/* Begin PBXBuildFile section */
		944074FA2EFAA43A00EC74B1 /* AppDelegate.swift in Sources */ = {isa = PBXBuildFile; fileRef = 944074F02EFAA43A00EC74B1 /* AppDelegate.swift */; };
		944074FB2EFAA43A00EC74B1 /* SceneDelegate.swift in Sources */ = {isa = PBXBuildFile; fileRef = 944074F72EFAA43A00EC74B1 /* SceneDelegate.swift */; };
		944074FC2EFAA43A00EC74B1 /* TasksViewController.swift in Sources */ = {isa = PBXBuildFile; fileRef = 944074F82EFAA43A00EC74B1 /* TasksViewController.swift */; };
		944074FD2EFAA43A00EC74B1 /* Assets.xcassets in Resources */ = {isa = PBXBuildFile; fileRef = 944074F12EFAA43A00EC74B1 /* Assets.xcassets */; };
		944074FF2EFAA43A00EC74B1 /* LaunchScreen.storyboard in Resources */ = {isa = PBXBuildFile; fileRef = 944074F42EFAA43A00EC74B1 /* LaunchScreen.storyboard */; };
		944075022EFAA44800EC74B1 /* .gitignore in Resources */ = {isa = PBXBuildFile; fileRef = 944075012EFAA44800EC74B1 /* .gitignore */; };
		944075092EFAA51500EC74B1 /* SnapKit in Frameworks */ = {isa = PBXBuildFile; productRef = 944075082EFAA51500EC74B1 /* SnapKit */; };
		9440750B2EFAA5CE00EC74B1 /* AppColors.swift in Sources */ = {isa = PBXBuildFile; fileRef = 9440750A2EFAA5CE00EC74B1 /* AppColors.swift */; };
		9440750E2EFAA63900EC74B1 /* TaskCell.swift in Sources */ = {isa = PBXBuildFile; fileRef = 9440750D2EFAA63900EC74B1 /* TaskCell.swift */; };
		944075112EFAA72900EC74B1 /* TasksViewController+TableView.swift in Sources */ = {isa = PBXBuildFile; fileRef = 944075102EFAA72900EC74B1 /* TasksViewController+TableView.swift */; };
		944075142EFAD2A400EC74B1 /* TaskModel.swift in Sources */ = {isa = PBXBuildFile; fileRef = 944075132EFAD2A400EC74B1 /* TaskModel.swift */; };
		944075162EFAD4FE00EC74B1 /* BottomView.swift in Sources */ = {isa = PBXBuildFile; fileRef = 944075152EFAD4FE00EC74B1 /* BottomView.swift */; };
		944075182EFAD82B00EC74B1 /* TableHeaderView.swift in Sources */ = {isa = PBXBuildFile; fileRef = 944075172EFAD82B00EC74B1 /* TableHeaderView.swift */; };
		9440751A2EFADB1B00EC74B1 /* TasksViewController+TextField.swift in Sources */ = {isa = PBXBuildFile; fileRef = 944075192EFADB1B00EC74B1 /* TasksViewController+TextField.swift */; };
		9440751E2EFAEA6C00EC74B1 /* TaskDetailsViewController.swift in Sources */ = {isa = PBXBuildFile; fileRef = 9440751D2EFAEA6C00EC74B1 /* TaskDetailsViewController.swift */; };
/* End PBXBuildFile section */

/* Begin PBXFileReference section */
		944074D82EFAA42F00EC74B1 /* ToDoList.app */ = {isa = PBXFileReference; explicitFileType = wrapper.application; includeInIndex = 0; path = ToDoList.app; sourceTree = BUILT_PRODUCTS_DIR; };
		944074F02EFAA43A00EC74B1 /* AppDelegate.swift */ = {isa = PBXFileReference; lastKnownFileType = sourcecode.swift; path = AppDelegate.swift; sourceTree = "<group>"; };
		944074F12EFAA43A00EC74B1 /* Assets.xcassets */ = {isa = PBXFileReference; lastKnownFileType = folder.assetcatalog; path = Assets.xcassets; sourceTree = "<group>"; };
		944074F22EFAA43A00EC74B1 /* Info.plist */ = {isa = PBXFileReference; lastKnownFileType = text.plist.xml; path = Info.plist; sourceTree = "<group>"; };
		944074F32EFAA43A00EC74B1 /* Base */ = {isa = PBXFileReference; lastKnownFileType = file.storyboard; name = Base; path = Base.lproj/LaunchScreen.storyboard; sourceTree = "<group>"; };
		944074F72EFAA43A00EC74B1 /* SceneDelegate.swift */ = {isa = PBXFileReference; lastKnownFileType = sourcecode.swift; path = SceneDelegate.swift; sourceTree = "<group>"; };
		944074F82EFAA43A00EC74B1 /* TasksViewController.swift */ = {isa = PBXFileReference; lastKnownFileType = sourcecode.swift; path = TasksViewController.swift; sourceTree = "<group>"; };
		944075012EFAA44800EC74B1 /* .gitignore */ = {isa = PBXFileReference; lastKnownFileType = text; path = .gitignore; sourceTree = "<group>"; };
		9440750A2EFAA5CE00EC74B1 /* AppColors.swift */ = {isa = PBXFileReference; lastKnownFileType = sourcecode.swift; path = AppColors.swift; sourceTree = "<group>"; };
		9440750D2EFAA63900EC74B1 /* TaskCell.swift */ = {isa = PBXFileReference; lastKnownFileType = sourcecode.swift; path = TaskCell.swift; sourceTree = "<group>"; };
		944075102EFAA72900EC74B1 /* TasksViewController+TableView.swift */ = {isa = PBXFileReference; lastKnownFileType = sourcecode.swift; path = "TasksViewController+TableView.swift"; sourceTree = "<group>"; };
		944075132EFAD2A400EC74B1 /* TaskModel.swift */ = {isa = PBXFileReference; lastKnownFileType = sourcecode.swift; path = TaskModel.swift; sourceTree = "<group>"; };
		944075152EFAD4FE00EC74B1 /* BottomView.swift */ = {isa = PBXFileReference; lastKnownFileType = sourcecode.swift; path = BottomView.swift; sourceTree = "<group>"; };
		944075172EFAD82B00EC74B1 /* TableHeaderView.swift */ = {isa = PBXFileReference; lastKnownFileType = sourcecode.swift; path = TableHeaderView.swift; sourceTree = "<group>"; };
		944075192EFADB1B00EC74B1 /* TasksViewController+TextField.swift */ = {isa = PBXFileReference; lastKnownFileType = sourcecode.swift; path = "TasksViewController+TextField.swift"; sourceTree = "<group>"; };
		9440751D2EFAEA6C00EC74B1 /* TaskDetailsViewController.swift */ = {isa = PBXFileReference; lastKnownFileType = sourcecode.swift; path = TaskDetailsViewController.swift; sourceTree = "<group>"; };
/* End PBXFileReference section */

/* Begin PBXFrameworksBuildPhase section */
		944074D52EFAA42F00EC74B1 /* Frameworks */ = {
			isa = PBXFrameworksBuildPhase;
			buildActionMask = 2147483647;
			files = (
				944075092EFAA51500EC74B1 /* SnapKit in Frameworks */,
			);
			runOnlyForDeploymentPostprocessing = 0;
		};
/* End PBXFrameworksBuildPhase section */

/* Begin PBXGroup section */
		944074CF2EFAA42F00EC74B1 = {
			isa = PBXGroup;
			children = (
				944074F92EFAA43A00EC74B1 /* ToDoList */,
				944074D92EFAA42F00EC74B1 /* Products */,
			);
			sourceTree = "<group>";
		};
		944074D92EFAA42F00EC74B1 /* Products */ = {
			isa = PBXGroup;
			children = (
				944074D82EFAA42F00EC74B1 /* ToDoList.app */,
			);
			name = Products;
			sourceTree = "<group>";
		};
		944074F92EFAA43A00EC74B1 /* ToDoList */ = {
			isa = PBXGroup;
			children = (
				944075012EFAA44800EC74B1 /* .gitignore */,
				944075032EFAA48900EC74B1 /* Application */,
				944075042EFAA49000EC74B1 /* SupportingFiles */,
				944075122EFAD28500EC74B1 /* Model */,
				944075052EFAA49900EC74B1 /* TasksList */,
				9440751B2EFAEA4900EC74B1 /* TaskDetails */,
			);
			path = ToDoList;
			sourceTree = "<group>";
		};
		944075032EFAA48900EC74B1 /* Application */ = {
			isa = PBXGroup;
			children = (
				944074F02EFAA43A00EC74B1 /* AppDelegate.swift */,
				944074F72EFAA43A00EC74B1 /* SceneDelegate.swift */,
			);
			path = Application;
			sourceTree = "<group>";
		};
		944075042EFAA49000EC74B1 /* SupportingFiles */ = {
			isa = PBXGroup;
			children = (
				944074F12EFAA43A00EC74B1 /* Assets.xcassets */,
				944074F22EFAA43A00EC74B1 /* Info.plist */,
				944074F42EFAA43A00EC74B1 /* LaunchScreen.storyboard */,
				9440750A2EFAA5CE00EC74B1 /* AppColors.swift */,
			);
			path = SupportingFiles;
			sourceTree = "<group>";
		};
		944075052EFAA49900EC74B1 /* TasksList */ = {
			isa = PBXGroup;
			children = (
				9440750C2EFAA62A00EC74B1 /* View */,
				9440750F2EFAA70E00EC74B1 /* Extension */,
				944075062EFAA4A000EC74B1 /* Controller */,
			);
			path = TasksList;
			sourceTree = "<group>";
		};
		944075062EFAA4A000EC74B1 /* Controller */ = {
			isa = PBXGroup;
			children = (
				944074F82EFAA43A00EC74B1 /* TasksViewController.swift */,
			);
			path = Controller;
			sourceTree = "<group>";
		};
		9440750C2EFAA62A00EC74B1 /* View */ = {
			isa = PBXGroup;
			children = (
				9440750D2EFAA63900EC74B1 /* TaskCell.swift */,
				944075172EFAD82B00EC74B1 /* TableHeaderView.swift */,
				944075152EFAD4FE00EC74B1 /* BottomView.swift */,
			);
			path = View;
			sourceTree = "<group>";
		};
		9440750F2EFAA70E00EC74B1 /* Extension */ = {
			isa = PBXGroup;
			children = (
				944075102EFAA72900EC74B1 /* TasksViewController+TableView.swift */,
				944075192EFADB1B00EC74B1 /* TasksViewController+TextField.swift */,
			);
			path = Extension;
			sourceTree = "<group>";
		};
		944075122EFAD28500EC74B1 /* Model */ = {
			isa = PBXGroup;
			children = (
				944075132EFAD2A400EC74B1 /* TaskModel.swift */,
			);
			path = Model;
			sourceTree = "<group>";
		};
		9440751B2EFAEA4900EC74B1 /* TaskDetails */ = {
			isa = PBXGroup;
			children = (
				9440751C2EFAEA5A00EC74B1 /* Controller */,
			);
			path = TaskDetails;
			sourceTree = "<group>";
		};
		9440751C2EFAEA5A00EC74B1 /* Controller */ = {
			isa = PBXGroup;
			children = (
				9440751D2EFAEA6C00EC74B1 /* TaskDetailsViewController.swift */,
			);
			path = Controller;
			sourceTree = "<group>";
		};
/* End PBXGroup section */

/* Begin PBXNativeTarget section */
		944074D72EFAA42F00EC74B1 /* ToDoList */ = {
			isa = PBXNativeTarget;
			buildConfigurationList = 944074EB2EFAA43000EC74B1 /* Build configuration list for PBXNativeTarget "ToDoList" */;
			buildPhases = (
				944074D42EFAA42F00EC74B1 /* Sources */,
				944074D52EFAA42F00EC74B1 /* Frameworks */,
				944074D62EFAA42F00EC74B1 /* Resources */,
			);
			buildRules = (
			);
			dependencies = (
			);
			name = ToDoList;
			packageProductDependencies = (
				944075082EFAA51500EC74B1 /* SnapKit */,
			);
			productName = ToDoList;
			productReference = 944074D82EFAA42F00EC74B1 /* ToDoList.app */;
			productType = "com.apple.product-type.application";
		};
/* End PBXNativeTarget section */

/* Begin PBXProject section */
		944074D02EFAA42F00EC74B1 /* Project object */ = {
			isa = PBXProject;
			attributes = {
				BuildIndependentTargetsInParallel = 1;
				LastSwiftUpdateCheck = 2610;
				LastUpgradeCheck = 2610;
				TargetAttributes = {
					944074D72EFAA42F00EC74B1 = {
						CreatedOnToolsVersion = 26.1.1;
					};
				};
			};
			buildConfigurationList = 944074D32EFAA42F00EC74B1 /* Build configuration list for PBXProject "ToDoList" */;
			developmentRegion = en;
			hasScannedForEncodings = 0;
			knownRegions = (
				en,
				Base,
			);
			mainGroup = 944074CF2EFAA42F00EC74B1;
			minimizedProjectReferenceProxies = 1;
			packageReferences = (
				944075072EFAA51500EC74B1 /* XCRemoteSwiftPackageReference "SnapKit" */,
			);
			preferredProjectObjectVersion = 77;
			productRefGroup = 944074D92EFAA42F00EC74B1 /* Products */;
			projectDirPath = "";
			projectRoot = "";
			targets = (
				944074D72EFAA42F00EC74B1 /* ToDoList */,
			);
		};
/* End PBXProject section */

/* Begin PBXResourcesBuildPhase section */
		944074D62EFAA42F00EC74B1 /* Resources */ = {
			isa = PBXResourcesBuildPhase;
			buildActionMask = 2147483647;
			files = (
				944075022EFAA44800EC74B1 /* .gitignore in Resources */,
				944074FD2EFAA43A00EC74B1 /* Assets.xcassets in Resources */,
				944074FF2EFAA43A00EC74B1 /* LaunchScreen.storyboard in Resources */,
			);
			runOnlyForDeploymentPostprocessing = 0;
		};
/* End PBXResourcesBuildPhase section */

/* Begin PBXSourcesBuildPhase section */
		944074D42EFAA42F00EC74B1 /* Sources */ = {
			isa = PBXSourcesBuildPhase;
			buildActionMask = 2147483647;
			files = (
				944075182EFAD82B00EC74B1 /* TableHeaderView.swift in Sources */,
				944074FA2EFAA43A00EC74B1 /* AppDelegate.swift in Sources */,
				9440750B2EFAA5CE00EC74B1 /* AppColors.swift in Sources */,
				944074FB2EFAA43A00EC74B1 /* SceneDelegate.swift in Sources */,
				944075162EFAD4FE00EC74B1 /* BottomView.swift in Sources */,
				944075112EFAA72900EC74B1 /* TasksViewController+TableView.swift in Sources */,
				944075142EFAD2A400EC74B1 /* TaskModel.swift in Sources */,
				9440751E2EFAEA6C00EC74B1 /* TaskDetailsViewController.swift in Sources */,
				9440751A2EFADB1B00EC74B1 /* TasksViewController+TextField.swift in Sources */,
				944074FC2EFAA43A00EC74B1 /* TasksViewController.swift in Sources */,
				9440750E2EFAA63900EC74B1 /* TaskCell.swift in Sources */,
			);
			runOnlyForDeploymentPostprocessing = 0;
		};
/* End PBXSourcesBuildPhase section */

/* Begin PBXVariantGroup section */
		944074F42EFAA43A00EC74B1 /* LaunchScreen.storyboard */ = {
			isa = PBXVariantGroup;
			children = (
				944074F32EFAA43A00EC74B1 /* Base */,
			);
			name = LaunchScreen.storyboard;
			sourceTree = "<group>";
		};
/* End PBXVariantGroup section */

/* Begin XCBuildConfiguration section */
		944074EC2EFAA43000EC74B1 /* Debug */ = {
			isa = XCBuildConfiguration;
			buildSettings = {
				ASSETCATALOG_COMPILER_APPICON_NAME = AppIcon;
				ASSETCATALOG_COMPILER_GLOBAL_ACCENT_COLOR_NAME = AccentColor;
				CODE_SIGN_STYLE = Automatic;
				CURRENT_PROJECT_VERSION = 1;
				GENERATE_INFOPLIST_FILE = YES;
				INFOPLIST_FILE = ToDoList/SupportingFiles/Info.plist;
				INFOPLIST_KEY_UIApplicationSupportsIndirectInputEvents = YES;
				INFOPLIST_KEY_UILaunchStoryboardName = LaunchScreen;
				INFOPLIST_KEY_UISupportedInterfaceOrientations_iPad = "UIInterfaceOrientationPortrait UIInterfaceOrientationPortraitUpsideDown UIInterfaceOrientationLandscapeLeft UIInterfaceOrientationLandscapeRight";
				INFOPLIST_KEY_UISupportedInterfaceOrientations_iPhone = "UIInterfaceOrientationPortrait UIInterfaceOrientationLandscapeLeft UIInterfaceOrientationLandscapeRight";
				LD_RUNPATH_SEARCH_PATHS = (
					"$(inherited)",
					"@executable_path/Frameworks",
				);
				MARKETING_VERSION = 1.0;
				PRODUCT_BUNDLE_IDENTIFIER = tm.ToDoList;
				PRODUCT_NAME = "$(TARGET_NAME)";
				STRING_CATALOG_GENERATE_SYMBOLS = YES;
				SWIFT_APPROACHABLE_CONCURRENCY = YES;
				SWIFT_DEFAULT_ACTOR_ISOLATION = MainActor;
				SWIFT_EMIT_LOC_STRINGS = YES;
				SWIFT_UPCOMING_FEATURE_MEMBER_IMPORT_VISIBILITY = YES;
				SWIFT_VERSION = 5.0;
				TARGETED_DEVICE_FAMILY = "1,2";
			};
			name = Debug;
		};
		944074ED2EFAA43000EC74B1 /* Release */ = {
			isa = XCBuildConfiguration;
			buildSettings = {
				ASSETCATALOG_COMPILER_APPICON_NAME = AppIcon;
				ASSETCATALOG_COMPILER_GLOBAL_ACCENT_COLOR_NAME = AccentColor;
				CODE_SIGN_STYLE = Automatic;
				CURRENT_PROJECT_VERSION = 1;
				GENERATE_INFOPLIST_FILE = YES;
				INFOPLIST_FILE = ToDoList/SupportingFiles/Info.plist;
				INFOPLIST_KEY_UIApplicationSupportsIndirectInputEvents = YES;
				INFOPLIST_KEY_UILaunchStoryboardName = LaunchScreen;
				INFOPLIST_KEY_UISupportedInterfaceOrientations_iPad = "UIInterfaceOrientationPortrait UIInterfaceOrientationPortraitUpsideDown UIInterfaceOrientationLandscapeLeft UIInterfaceOrientationLandscapeRight";
				INFOPLIST_KEY_UISupportedInterfaceOrientations_iPhone = "UIInterfaceOrientationPortrait UIInterfaceOrientationLandscapeLeft UIInterfaceOrientationLandscapeRight";
				LD_RUNPATH_SEARCH_PATHS = (
					"$(inherited)",
					"@executable_path/Frameworks",
				);
				MARKETING_VERSION = 1.0;
				PRODUCT_BUNDLE_IDENTIFIER = tm.ToDoList;
				PRODUCT_NAME = "$(TARGET_NAME)";
				STRING_CATALOG_GENERATE_SYMBOLS = YES;
				SWIFT_APPROACHABLE_CONCURRENCY = YES;
				SWIFT_DEFAULT_ACTOR_ISOLATION = MainActor;
				SWIFT_EMIT_LOC_STRINGS = YES;
				SWIFT_UPCOMING_FEATURE_MEMBER_IMPORT_VISIBILITY = YES;
				SWIFT_VERSION = 5.0;
				TARGETED_DEVICE_FAMILY = "1,2";
			};
			name = Release;
		};
		944074EE2EFAA43000EC74B1 /* Debug */ = {
			isa = XCBuildConfiguration;
			buildSettings = {
				ALWAYS_SEARCH_USER_PATHS = NO;
				ASSETCATALOG_COMPILER_GENERATE_SWIFT_ASSET_SYMBOL_EXTENSIONS = YES;
				CLANG_ANALYZER_NONNULL = YES;
				CLANG_ANALYZER_NUMBER_OBJECT_CONVERSION = YES_AGGRESSIVE;
				CLANG_CXX_LANGUAGE_STANDARD = "gnu++20";
				CLANG_ENABLE_MODULES = YES;
				CLANG_ENABLE_OBJC_ARC = YES;
				CLANG_ENABLE_OBJC_WEAK = YES;
				CLANG_WARN_BLOCK_CAPTURE_AUTORELEASING = YES;
				CLANG_WARN_BOOL_CONVERSION = YES;
				CLANG_WARN_COMMA = YES;
				CLANG_WARN_CONSTANT_CONVERSION = YES;
				CLANG_WARN_DEPRECATED_OBJC_IMPLEMENTATIONS = YES;
				CLANG_WARN_DIRECT_OBJC_ISA_USAGE = YES_ERROR;
				CLANG_WARN_DOCUMENTATION_COMMENTS = YES;
				CLANG_WARN_EMPTY_BODY = YES;
				CLANG_WARN_ENUM_CONVERSION = YES;
				CLANG_WARN_INFINITE_RECURSION = YES;
				CLANG_WARN_INT_CONVERSION = YES;
				CLANG_WARN_NON_LITERAL_NULL_CONVERSION = YES;
				CLANG_WARN_OBJC_IMPLICIT_RETAIN_SELF = YES;
				CLANG_WARN_OBJC_LITERAL_CONVERSION = YES;
				CLANG_WARN_OBJC_ROOT_CLASS = YES_ERROR;
				CLANG_WARN_QUOTED_INCLUDE_IN_FRAMEWORK_HEADER = YES;
				CLANG_WARN_RANGE_LOOP_ANALYSIS = YES;
				CLANG_WARN_STRICT_PROTOTYPES = YES;
				CLANG_WARN_SUSPICIOUS_MOVE = YES;
				CLANG_WARN_UNGUARDED_AVAILABILITY = YES_AGGRESSIVE;
				CLANG_WARN_UNREACHABLE_CODE = YES;
				CLANG_WARN__DUPLICATE_METHOD_MATCH = YES;
				COPY_PHASE_STRIP = NO;
				DEBUG_INFORMATION_FORMAT = dwarf;
				ENABLE_STRICT_OBJC_MSGSEND = YES;
				ENABLE_TESTABILITY = YES;
				ENABLE_USER_SCRIPT_SANDBOXING = YES;
				GCC_C_LANGUAGE_STANDARD = gnu17;
				GCC_DYNAMIC_NO_PIC = NO;
				GCC_NO_COMMON_BLOCKS = YES;
				GCC_OPTIMIZATION_LEVEL = 0;
				GCC_PREPROCESSOR_DEFINITIONS = (
					"DEBUG=1",
					"$(inherited)",
				);
				GCC_WARN_64_TO_32_BIT_CONVERSION = YES;
				GCC_WARN_ABOUT_RETURN_TYPE = YES_ERROR;
				GCC_WARN_UNDECLARED_SELECTOR = YES;
				GCC_WARN_UNINITIALIZED_AUTOS = YES_AGGRESSIVE;
				GCC_WARN_UNUSED_FUNCTION = YES;
				GCC_WARN_UNUSED_VARIABLE = YES;
				IPHONEOS_DEPLOYMENT_TARGET = 26.1;
				LOCALIZATION_PREFERS_STRING_CATALOGS = YES;
				MTL_ENABLE_DEBUG_INFO = INCLUDE_SOURCE;
				MTL_FAST_MATH = YES;
				ONLY_ACTIVE_ARCH = YES;
				SDKROOT = iphoneos;
				SWIFT_ACTIVE_COMPILATION_CONDITIONS = "DEBUG $(inherited)";
				SWIFT_OPTIMIZATION_LEVEL = "-Onone";
			};
			name = Debug;
		};
		944074EF2EFAA43000EC74B1 /* Release */ = {
			isa = XCBuildConfiguration;
			buildSettings = {
				ALWAYS_SEARCH_USER_PATHS = NO;
				ASSETCATALOG_COMPILER_GENERATE_SWIFT_ASSET_SYMBOL_EXTENSIONS = YES;
				CLANG_ANALYZER_NONNULL = YES;
				CLANG_ANALYZER_NUMBER_OBJECT_CONVERSION = YES_AGGRESSIVE;
				CLANG_CXX_LANGUAGE_STANDARD = "gnu++20";
				CLANG_ENABLE_MODULES = YES;
				CLANG_ENABLE_OBJC_ARC = YES;
				CLANG_ENABLE_OBJC_WEAK = YES;
				CLANG_WARN_BLOCK_CAPTURE_AUTORELEASING = YES;
				CLANG_WARN_BOOL_CONVERSION = YES;
				CLANG_WARN_COMMA = YES;
				CLANG_WARN_CONSTANT_CONVERSION = YES;
				CLANG_WARN_DEPRECATED_OBJC_IMPLEMENTATIONS = YES;
				CLANG_WARN_DIRECT_OBJC_ISA_USAGE = YES_ERROR;
				CLANG_WARN_DOCUMENTATION_COMMENTS = YES;
				CLANG_WARN_EMPTY_BODY = YES;
				CLANG_WARN_ENUM_CONVERSION = YES;
				CLANG_WARN_INFINITE_RECURSION = YES;
				CLANG_WARN_INT_CONVERSION = YES;
				CLANG_WARN_NON_LITERAL_NULL_CONVERSION = YES;
				CLANG_WARN_OBJC_IMPLICIT_RETAIN_SELF = YES;
				CLANG_WARN_OBJC_LITERAL_CONVERSION = YES;
				CLANG_WARN_OBJC_ROOT_CLASS = YES_ERROR;
				CLANG_WARN_QUOTED_INCLUDE_IN_FRAMEWORK_HEADER = YES;
				CLANG_WARN_RANGE_LOOP_ANALYSIS = YES;
				CLANG_WARN_STRICT_PROTOTYPES = YES;
				CLANG_WARN_SUSPICIOUS_MOVE = YES;
				CLANG_WARN_UNGUARDED_AVAILABILITY = YES_AGGRESSIVE;
				CLANG_WARN_UNREACHABLE_CODE = YES;
				CLANG_WARN__DUPLICATE_METHOD_MATCH = YES;
				COPY_PHASE_STRIP = NO;
				DEBUG_INFORMATION_FORMAT = "dwarf-with-dsym";
				ENABLE_NS_ASSERTIONS = NO;
				ENABLE_STRICT_OBJC_MSGSEND = YES;
				ENABLE_USER_SCRIPT_SANDBOXING = YES;
				GCC_C_LANGUAGE_STANDARD = gnu17;
				GCC_NO_COMMON_BLOCKS = YES;
				GCC_WARN_64_TO_32_BIT_CONVERSION = YES;
				GCC_WARN_ABOUT_RETURN_TYPE = YES_ERROR;
				GCC_WARN_UNDECLARED_SELECTOR = YES;
				GCC_WARN_UNINITIALIZED_AUTOS = YES_AGGRESSIVE;
				GCC_WARN_UNUSED_FUNCTION = YES;
				GCC_WARN_UNUSED_VARIABLE = YES;
				IPHONEOS_DEPLOYMENT_TARGET = 26.1;
				LOCALIZATION_PREFERS_STRING_CATALOGS = YES;
				MTL_ENABLE_DEBUG_INFO = NO;
				MTL_FAST_MATH = YES;
				SDKROOT = iphoneos;
				SWIFT_COMPILATION_MODE = wholemodule;
				VALIDATE_PRODUCT = YES;
			};
			name = Release;
		};
/* End XCBuildConfiguration section */

/* Begin XCConfigurationList section */
		944074D32EFAA42F00EC74B1 /* Build configuration list for PBXProject "ToDoList" */ = {
			isa = XCConfigurationList;
			buildConfigurations = (
				944074EE2EFAA43000EC74B1 /* Debug */,
				944074EF2EFAA43000EC74B1 /* Release */,
			);
			defaultConfigurationIsVisible = 0;
			defaultConfigurationName = Release;
		};
		944074EB2EFAA43000EC74B1 /* Build configuration list for PBXNativeTarget "ToDoList" */ = {
			isa = XCConfigurationList;
			buildConfigurations = (
				944074EC2EFAA43000EC74B1 /* Debug */,
				944074ED2EFAA43000EC74B1 /* Release */,
			);
			defaultConfigurationIsVisible = 0;
			defaultConfigurationName = Release;
		};
/* End XCConfigurationList section */

/* Begin XCRemoteSwiftPackageReference section */
		944075072EFAA51500EC74B1 /* XCRemoteSwiftPackageReference "SnapKit" */ = {
			isa = XCRemoteSwiftPackageReference;
			repositoryURL = "https://github.com/SnapKit/SnapKit";
			requirement = {
				kind = upToNextMajorVersion;
				minimumVersion = 5.7.1;
			};
		};
/* End XCRemoteSwiftPackageReference section */

/* Begin XCSwiftPackageProductDependency section */
		944075082EFAA51500EC74B1 /* SnapKit */ = {
			isa = XCSwiftPackageProductDependency;
			package = 944075072EFAA51500EC74B1 /* XCRemoteSwiftPackageReference "SnapKit" */;
			productName = SnapKit;
		};
/* End XCSwiftPackageProductDependency section */
	};
	rootObject = 944074D02EFAA42F00EC74B1 /* Project object */;
}
